
Microsoft Visual Studio Solution File, Format Version 12.00
# Visual Studio 15
VisualStudioVersion = 15.0.27703.2026
MinimumVisualStudioVersion = 10.0.40219.1
Project("{FAE04EC0-301F-11D3-BF4B-00C04F79EFBC}") = "TDD_T1", "TDD_T1\TDD_T1.csproj", "{DCEA6562-A3C6-4D18-B297-18205A4BD8F6}"
EndProject
Project("{FAE04EC0-301F-11D3-BF4B-00C04F79EFBC}") = "xUnit_Test", "xUnit_Test\xUnit_Test.csproj", "{792F2549-4122-41FC-B8F0-9FDA5ECD9CDA}"
EndProject
Global
	GlobalSection(SolutionConfigurationPlatforms) = preSolution
		Debug|Any CPU = Debug|Any CPU
		Release|Any CPU = Release|Any CPU
	EndGlobalSection
	GlobalSection(ProjectConfigurationPlatforms) = postSolution
		{DCEA6562-A3C6-4D18-B297-18205A4BD8F6}.Debug|Any CPU.ActiveCfg = Debug|Any CPU
		{DCEA6562-A3C6-4D18-B297-18205A4BD8F6}.Debug|Any CPU.Build.0 = Debug|Any CPU
		{DCEA6562-A3C6-4D18-B297-18205A4BD8F6}.Release|Any CPU.ActiveCfg = Release|Any CPU
		{DCEA6562-A3C6-4D18-B297-18205A4BD8F6}.Release|Any CPU.Build.0 = Release|Any CPU
		{792F2549-4122-41FC-B8F0-9FDA5ECD9CDA}.Debug|Any CPU.ActiveCfg = Debug|Any CPU
		{792F2549-4122-41FC-B8F0-9FDA5ECD9CDA}.Debug|Any CPU.Build.0 = Debug|Any CPU
		{792F2549-4122-41FC-B8F0-9FDA5ECD9CDA}.Release|Any CPU.ActiveCfg = Release|Any CPU
		{792F2549-4122-41FC-B8F0-9FDA5ECD9CDA}.Release|Any CPU.Build.0 = Release|Any CPU
	EndGlobalSection
	GlobalSection(SolutionProperties) = preSolution
		HideSolutionNode = FALSE
	EndGlobalSection
	GlobalSection(ExtensibilityGlobals) = postSolution
		SolutionGuid = {4583558D-598C-41DD-8607-7B6B482DF8FA}
	EndGlobalSection
EndGlobal
